
Microsoft Visual Studio Solution File, Format Version 12.00
# Visual Studio Version 17
VisualStudioVersion = 17.8.34525.116
MinimumVisualStudioVersion = 10.0.40219.1
Project("{9A19103F-16F7-4668-BE54-9A1E7A4F7556}") = "Mikhalevich20331.UI", "Mikhalevich20331.UI\Mikhalevich20331.UI.csproj", "{6A911B00-72D1-437E-AED4-C5AE5B3C7AE3}"
EndProject
Project("{9A19103F-16F7-4668-BE54-9A1E7A4F7556}") = "Mikhalevich20331.ZooshopDomain", "Mikhalevich20331.ZooshopDomain\Mikhalevich20331.ZooshopDomain.csproj", "{01752D3F-7623-412B-AE23-8DD209B31548}"
EndProject
Project("{9A19103F-16F7-4668-BE54-9A1E7A4F7556}") = "Mikhalevich20331.API", "Mikhalevich20331.API\Mikhalevich20331.API.csproj", "{C25093CE-73C0-4A82-880A-C1B7F995103D}"
EndProject
Project("{FAE04EC0-301F-11D3-BF4B-00C04F79EFBC}") = "Mikhalevich20331.Blazor", "Mikhalevich20331.Blazor\Mikhalevich20331.Blazor.csproj", "{9342CAD9-604A-4761-9C80-D8FDF3227D10}"
EndProject
Global
	GlobalSection(SolutionConfigurationPlatforms) = preSolution
		Debug|Any CPU = Debug|Any CPU
		Release|Any CPU = Release|Any CPU
	EndGlobalSection
	GlobalSection(ProjectConfigurationPlatforms) = postSolution
		{6A911B00-72D1-437E-AED4-C5AE5B3C7AE3}.Debug|Any CPU.ActiveCfg = Debug|Any CPU
		{6A911B00-72D1-437E-AED4-C5AE5B3C7AE3}.Debug|Any CPU.Build.0 = Debug|Any CPU
		{6A911B00-72D1-437E-AED4-C5AE5B3C7AE3}.Release|Any CPU.ActiveCfg = Release|Any CPU
		{6A911B00-72D1-437E-AED4-C5AE5B3C7AE3}.Release|Any CPU.Build.0 = Release|Any CPU
		{01752D3F-7623-412B-AE23-8DD209B31548}.Debug|Any CPU.ActiveCfg = Debug|Any CPU
		{01752D3F-7623-412B-AE23-8DD209B31548}.Debug|Any CPU.Build.0 = Debug|Any CPU
		{01752D3F-7623-412B-AE23-8DD209B31548}.Release|Any CPU.ActiveCfg = Release|Any CPU
		{01752D3F-7623-412B-AE23-8DD209B31548}.Release|Any CPU.Build.0 = Release|Any CPU
		{C25093CE-73C0-4A82-880A-C1B7F995103D}.Debug|Any CPU.ActiveCfg = Debug|Any CPU
		{C25093CE-73C0-4A82-880A-C1B7F995103D}.Debug|Any CPU.Build.0 = Debug|Any CPU
		{C25093CE-73C0-4A82-880A-C1B7F995103D}.Release|Any CPU.ActiveCfg = Release|Any CPU
		{C25093CE-73C0-4A82-880A-C1B7F995103D}.Release|Any CPU.Build.0 = Release|Any CPU
		{9342CAD9-604A-4761-9C80-D8FDF3227D10}.Debug|Any CPU.ActiveCfg = Debug|Any CPU
		{9342CAD9-604A-4761-9C80-D8FDF3227D10}.Debug|Any CPU.Build.0 = Debug|Any CPU
		{9342CAD9-604A-4761-9C80-D8FDF3227D10}.Release|Any CPU.ActiveCfg = Release|Any CPU
		{9342CAD9-604A-4761-9C80-D8FDF3227D10}.Release|Any CPU.Build.0 = Release|Any CPU
	EndGlobalSection
	GlobalSection(SolutionProperties) = preSolution
		HideSolutionNode = FALSE
	EndGlobalSection
	GlobalSection(ExtensibilityGlobals) = postSolution
		SolutionGuid = {CEF86ADA-76AF-4914-A901-C664DC5723C9}
	EndGlobalSection
EndGlobal
